
Microsoft Visual Studio Solution File, Format Version 12.00
# Visual Studio Version 16
VisualStudioVersion = 16.0.29905.134
MinimumVisualStudioVersion = 10.0.40219.1
Project("{FAE04EC0-301F-11D3-BF4B-00C04F79EFBC}") = "ConsoleApp2", "ConsoleApp2\ConsoleApp2.csproj", "{85D61D41-9002-48EC-B8B2-C3A16183FDF1}"
EndProject
Global
	GlobalSection(SolutionConfigurationPlatforms) = preSolution
		Debug|Any CPU = Debug|Any CPU
		Release|Any CPU = Release|Any CPU
	EndGlobalSection
	GlobalSection(ProjectConfigurationPlatforms) = postSolution
		{85D61D41-9002-48EC-B8B2-C3A16183FDF1}.Debug|Any CPU.ActiveCfg = Debug|Any CPU
		{85D61D41-9002-48EC-B8B2-C3A16183FDF1}.Debug|Any CPU.Build.0 = Debug|Any CPU
		{85D61D41-9002-48EC-B8B2-C3A16183FDF1}.Release|Any CPU.ActiveCfg = Release|Any CPU
		{85D61D41-9002-48EC-B8B2-C3A16183FDF1}.Release|Any CPU.Build.0 = Release|Any CPU
	EndGlobalSection
	GlobalSection(SolutionProperties) = preSolution
		HideSolutionNode = FALSE
	EndGlobalSection
	GlobalSection(ExtensibilityGlobals) = postSolution
		SolutionGuid = {1CA9F2C1-46A3-4F14-BBF4-3DC17577E7E9}
	EndGlobalSection
EndGlobal
